
Microsoft Visual Studio Solution File, Format Version 12.00
# Visual Studio Version 17
VisualStudioVersion = 17.3.32901.215
MinimumVisualStudioVersion = 10.0.40219.1
Project("{FAE04EC0-301F-11D3-BF4B-00C04F79EFBC}") = "diary_2", "diary_2\diary_2.csproj", "{BEBBC8B2-CB5D-43B1-84C2-A3B5975EAAB4}"
EndProject
Global
	GlobalSection(SolutionConfigurationPlatforms) = preSolution
		Debug|Any CPU = Debug|Any CPU
		Release|Any CPU = Release|Any CPU
	EndGlobalSection
	GlobalSection(ProjectConfigurationPlatforms) = postSolution
		{BEBBC8B2-CB5D-43B1-84C2-A3B5975EAAB4}.Debug|Any CPU.ActiveCfg = Debug|Any CPU
		{BEBBC8B2-CB5D-43B1-84C2-A3B5975EAAB4}.Debug|Any CPU.Build.0 = Debug|Any CPU
		{BEBBC8B2-CB5D-43B1-84C2-A3B5975EAAB4}.Release|Any CPU.ActiveCfg = Release|Any CPU
		{BEBBC8B2-CB5D-43B1-84C2-A3B5975EAAB4}.Release|Any CPU.Build.0 = Release|Any CPU
	EndGlobalSection
	GlobalSection(SolutionProperties) = preSolution
		HideSolutionNode = FALSE
	EndGlobalSection
	GlobalSection(ExtensibilityGlobals) = postSolution
		SolutionGuid = {84AB0A27-5DF7-41AB-B2B7-A3A02D6F1FF3}
	EndGlobalSection
EndGlobal
